<?xml version="1.0" encoding="utf-8"?>
<Project ToolsVersion="4.0" xmlns="http://schemas.microsoft.com/developer/msbuild/2003">
  <ItemGroup>
    <Filter Include="Source Files">
      <UniqueIdentifier>{4FC737F1-C7A5-4376-A066-2A32D752A2FF}</UniqueIdentifier>
      <Extensions>cpp;c;cc;cxx;c++;cppm;ixx;def;odl;idl;hpj;bat;asm;asmx</Extensions>
    </Filter>
    <Filter Include="Header Files">
      <UniqueIdentifier>{93995380-89BD-4b04-88EB-625FBE52EBFB}</UniqueIdentifier>
      <Extensions>h;hh;hpp;hxx;h++;hm;inl;inc;ipp;xsd</Extensions>
    </Filter>
    <Filter Include="Resource Files">
      <UniqueIdentifier>{67DA6AB6-F800-4c08-8B7A-83BB121AAD01}</UniqueIdentifier>
      <Extensions>rc;ico;cur;bmp;dlg;rc2;rct;bin;rgs;gif;jpg;jpeg;jpe;resx;tiff;tif;png;wav;mfcribbon-ms</Extensions>
    </Filter>
    <Filter Include="Aufgabe_Rectangles">
      <UniqueIdentifier>{e61354c6-fbaf-4417-a009-b32c3c63fc42}</UniqueIdentifier>
    </Filter>
    <Filter Include="Aufgabe_Zeichenketten">
      <UniqueIdentifier>{841818af-d834-490e-872d-be8c1608f1f7}</UniqueIdentifier>
    </Filter>
  </ItemGroup>
  <ItemGroup>
    <Text Include="..\Notizzettel_Montag.txt" />
    <Text Include="..\Notizzettel_Dienstag.txt" />
    <Text Include="..\Notizzettel_Mittwoch.txt" />
    <Text Include="..\Notizzettel_Donnerstag.txt" />
  </ItemGroup>
  <ItemGroup>
    <ClCompile Include="ProgramC.cpp">
      <Filter>Source Files</Filter>
    </ClCompile>
    <ClCompile Include="Topic_01_Pointer.cpp">
      <Filter>Source Files</Filter>
    </ClCompile>
    <ClCompile Include="Topic_02_TypWandlung.cpp">
      <Filter>Source Files</Filter>
    </ClCompile>
    <ClCompile Include="Time.cpp">
      <Filter>Source Files</Filter>
    </ClCompile>
    <ClCompile Include="ProgramCpp.cpp">
      <Filter>Source Files</Filter>
    </ClCompile>
    <ClCompile Include="Main_Time.cpp">
      <Filter>Source Files</Filter>
    </ClCompile>
    <ClCompile Include="Topic_03_Referenzen.cpp">
      <Filter>Source Files</Filter>
    </ClCompile>
    <ClCompile Include="Rectangle\Point.cpp">
      <Filter>Aufgabe_Rectangles</Filter>
    </ClCompile>
    <ClCompile Include="Rectangle\Rectangle.cpp">
      <Filter>Aufgabe_Rectangles</Filter>
    </ClCompile>
    <ClCompile Include="Rectangle\Rectangle_Main.cpp">
      <Filter>Aufgabe_Rectangles</Filter>
    </ClCompile>
    <ClCompile Include="Topic_04_Arrays.cpp">
      <Filter>Source Files</Filter>
    </ClCompile>
    <ClCompile Include="Topic_05_Chars_Strings.cpp">
      <Filter>Source Files</Filter>
    </ClCompile>
    <ClCompile Include="Strings\Strings_Main.cpp">
      <Filter>Aufgabe_Zeichenketten</Filter>
    </ClCompile>
    <ClCompile Include="Topic_06_DynamicData.cpp">
      <Filter>Source Files</Filter>
    </ClCompile>
    <ClCompile Include="Topic_07_RAII.cpp">
      <Filter>Source Files</Filter>
    </ClCompile>
    <ClCompile Include="DynamicIntArray.cpp">
      <Filter>Source Files</Filter>
    </ClCompile>
    <ClCompile Include="Main_DynamicIntArray.cpp">
      <Filter>Source Files</Filter>
    </ClCompile>
    <ClCompile Include="SwapIdiom.cpp">
      <Filter>Source Files</Filter>
    </ClCompile>
    <ClCompile Include="Topic_08_Vererbung.cpp">
      <Filter>Source Files</Filter>
    </ClCompile>
    <ClCompile Include="Topic_09_Namespaces.cpp">
      <Filter>Source Files</Filter>
    </ClCompile>
  </ItemGroup>
  <ItemGroup>
    <Image Include="..\Pointer_01.png">
      <Filter>Resource Files</Filter>
    </Image>
    <Image Include="..\Pointer_02.png">
      <Filter>Resource Files</Filter>
    </Image>
    <Image Include="..\Pointer_03.png">
      <Filter>Resource Files</Filter>
    </Image>
    <Image Include="..\Pointer_04.png">
      <Filter>Resource Files</Filter>
    </Image>
  </ItemGroup>
  <ItemGroup>
    <None Include="..\Agenda_C_Cpp.pdf">
      <Filter>Resource Files</Filter>
    </None>
  </ItemGroup>
  <ItemGroup>
    <ClInclude Include="Time.h">
      <Filter>Header Files</Filter>
    </ClInclude>
    <ClInclude Include="Rectangle\Point.h">
      <Filter>Aufgabe_Rectangles</Filter>
    </ClInclude>
    <ClInclude Include="Rectangle\Rectangle.h">
      <Filter>Aufgabe_Rectangles</Filter>
    </ClInclude>
    <ClInclude Include="DynamicIntArray.h">
      <Filter>Header Files</Filter>
    </ClInclude>
  </ItemGroup>
</Project>